// !$*UTF8*$!
{
	archiveVersion = 1;
	classes = {
	};
	objectVersion = 51;
	objects = {

/* Begin PBXBuildFile section */
		11DE63D66125784A1F0EB226 /* Pods_DataStructuresAndAlgorithms.framework in Frameworks */ = {isa = PBXBuildFile; fileRef = AF92991193FBBA89699C382E /* Pods_DataStructuresAndAlgorithms.framework */; };
		3217755D24CADF8E00EA3E30 /* LeetCode55.cpp in Sources */ = {isa = PBXBuildFile; fileRef = 3217755B24CADF8E00EA3E30 /* LeetCode55.cpp */; };
		3217756024CAE80300EA3E30 /* LeetCode45.cpp in Sources */ = {isa = PBXBuildFile; fileRef = 3217755E24CAE80300EA3E30 /* LeetCode45.cpp */; };
		3217756324CAED7A00EA3E30 /* LeetCode452.cpp in Sources */ = {isa = PBXBuildFile; fileRef = 3217756124CAED7A00EA3E30 /* LeetCode452.cpp */; };
		324E5E2E24C6E0A30033F1BB /* LeetCode376.cpp in Sources */ = {isa = PBXBuildFile; fileRef = 324E5E2C24C6E0A30033F1BB /* LeetCode376.cpp */; };
		324E5E3124C6EB850033F1BB /* LeetCode402.cpp in Sources */ = {isa = PBXBuildFile; fileRef = 324E5E2F24C6EB850033F1BB /* LeetCode402.cpp */; };
		32B7709824C1981E0016795B /* LeetCode160.cpp in Sources */ = {isa = PBXBuildFile; fileRef = 32B7709624C1981E0016795B /* LeetCode160.cpp */; };
		32B7709B24C1A8AE0016795B /* LeetCode141.cpp in Sources */ = {isa = PBXBuildFile; fileRef = 32B7709924C1A8AE0016795B /* LeetCode141.cpp */; };
		32B7709E24C1B4FC0016795B /* LeetCode86.cpp in Sources */ = {isa = PBXBuildFile; fileRef = 32B7709C24C1B4FC0016795B /* LeetCode86.cpp */; };
		32B770A124C53A300016795B /* LeetCode138.cpp in Sources */ = {isa = PBXBuildFile; fileRef = 32B7709F24C53A300016795B /* LeetCode138.cpp */; };
		32B770A424C53F3D0016795B /* LeetCode21.cpp in Sources */ = {isa = PBXBuildFile; fileRef = 32B770A224C53F3D0016795B /* LeetCode21.cpp */; };
		32B770A724C541F60016795B /* LeetCode92.cpp in Sources */ = {isa = PBXBuildFile; fileRef = 32B770A524C541F60016795B /* LeetCode92.cpp */; };
		32B770AA24C542960016795B /* LeetCode206.cpp in Sources */ = {isa = PBXBuildFile; fileRef = 32B770A824C542960016795B /* LeetCode206.cpp */; };
		32B770AD24C55E210016795B /* LeetCode23.cpp in Sources */ = {isa = PBXBuildFile; fileRef = 32B770AB24C55E210016795B /* LeetCode23.cpp */; };
		32B770B024C572B50016795B /* SGHLinkList.cpp in Sources */ = {isa = PBXBuildFile; fileRef = 32B770AE24C572B50016795B /* SGHLinkList.cpp */; };
		32B770B424C576C50016795B /* SGHStackQueueHeapViewController.mm in Sources */ = {isa = PBXBuildFile; fileRef = 32B770B324C576C50016795B /* SGHStackQueueHeapViewController.mm */; };
		32B770BC24C578000016795B /* SGHPrepareStack.cpp in Sources */ = {isa = PBXBuildFile; fileRef = 32B770BA24C578000016795B /* SGHPrepareStack.cpp */; };
		32B770BF24C57BC00016795B /* LeetCode225.cpp in Sources */ = {isa = PBXBuildFile; fileRef = 32B770BD24C57BC00016795B /* LeetCode225.cpp */; };
		32B770C224C5806B0016795B /* LeetCode232.cpp in Sources */ = {isa = PBXBuildFile; fileRef = 32B770C024C5806B0016795B /* LeetCode232.cpp */; };
		32B770C524C584FB0016795B /* LeetCode155.cpp in Sources */ = {isa = PBXBuildFile; fileRef = 32B770C324C584FB0016795B /* LeetCode155.cpp */; };
		32B770C824C58BB10016795B /* POJ1363Rails.cpp in Sources */ = {isa = PBXBuildFile; fileRef = 32B770C624C58BB10016795B /* POJ1363Rails.cpp */; };
		32B770CB24C679990016795B /* LeetCode224.cpp in Sources */ = {isa = PBXBuildFile; fileRef = 32B770C924C679990016795B /* LeetCode224.cpp */; };
		32B770CE24C6966D0016795B /* LeetCode215.cpp in Sources */ = {isa = PBXBuildFile; fileRef = 32B770CC24C6966D0016795B /* LeetCode215.cpp */; };
		32B770D124C6C4910016795B /* LeetCode295.cpp in Sources */ = {isa = PBXBuildFile; fileRef = 32B770CF24C6C4910016795B /* LeetCode295.cpp */; };
		32B770D524C6D1BF0016795B /* SGHGreedyAlgorithmViewController.mm in Sources */ = {isa = PBXBuildFile; fileRef = 32B770D424C6D1BF0016795B /* SGHGreedyAlgorithmViewController.mm */; };
		32B770D924C6D26C0016795B /* SGH2ListNodeViewController.mm in Sources */ = {isa = PBXBuildFile; fileRef = 32B770D824C6D26C0016795B /* SGH2ListNodeViewController.mm */; };
		32B770DD24C6D4620016795B /* SGHPrepareGreedy.cpp in Sources */ = {isa = PBXBuildFile; fileRef = 32B770DB24C6D4620016795B /* SGHPrepareGreedy.cpp */; };
		32B770E024C6D7C60016795B /* LeetCode455.cpp in Sources */ = {isa = PBXBuildFile; fileRef = 32B770DE24C6D7C60016795B /* LeetCode455.cpp */; };
		32FB37BA24C02DC1009BB23E /* AppDelegate.m in Sources */ = {isa = PBXBuildFile; fileRef = 32FB37B924C02DC1009BB23E /* AppDelegate.m */; };
		32FB37C324C02DC1009BB23E /* Main.storyboard in Resources */ = {isa = PBXBuildFile; fileRef = 32FB37C124C02DC1009BB23E /* Main.storyboard */; };
		32FB37C524C02DC3009BB23E /* Assets.xcassets in Resources */ = {isa = PBXBuildFile; fileRef = 32FB37C424C02DC3009BB23E /* Assets.xcassets */; };
		32FB37C824C02DC3009BB23E /* LaunchScreen.storyboard in Resources */ = {isa = PBXBuildFile; fileRef = 32FB37C624C02DC3009BB23E /* LaunchScreen.storyboard */; };
		32FB37CB24C02DC3009BB23E /* main.m in Sources */ = {isa = PBXBuildFile; fileRef = 32FB37CA24C02DC3009BB23E /* main.m */; };
		32FB37D424C02E3A009BB23E /* SGHTabBarViewController.m in Sources */ = {isa = PBXBuildFile; fileRef = 32FB37D324C02E3A009BB23E /* SGHTabBarViewController.m */; };
		32FB37DA24C02EEE009BB23E /* SGHBookmarksViewController.m in Sources */ = {isa = PBXBuildFile; fileRef = 32FB37D924C02EEE009BB23E /* SGHBookmarksViewController.m */; };
		32FB37E024C02F4A009BB23E /* UIViewController+ExecuteMethod.m in Sources */ = {isa = PBXBuildFile; fileRef = 32FB37DC24C02F4A009BB23E /* UIViewController+ExecuteMethod.m */; };
		32FB37E124C02F4A009BB23E /* SHBaseTableViewController.m in Sources */ = {isa = PBXBuildFile; fileRef = 32FB37DD24C02F4A009BB23E /* SHBaseTableViewController.m */; };
		32FB37E424C02F81009BB23E /* SGHCellModel.m in Sources */ = {isa = PBXBuildFile; fileRef = 32FB37E324C02F81009BB23E /* SGHCellModel.m */; };
		32FB37E724C02FB8009BB23E /* SGHContactsViewController.m in Sources */ = {isa = PBXBuildFile; fileRef = 32FB37E624C02FB8009BB23E /* SGHContactsViewController.m */; };
		32FB37EB24C03243009BB23E /* SGHChapter2ViewController.mm in Sources */ = {isa = PBXBuildFile; fileRef = 32FB37EA24C03243009BB23E /* SGHChapter2ViewController.mm */; };
		32FB37EF24C036AA009BB23E /* SGHCallCppClassViewController.mm in Sources */ = {isa = PBXBuildFile; fileRef = 32FB37EE24C036AA009BB23E /* SGHCallCppClassViewController.mm */; };
		32FB37F324C036E6009BB23E /* SGHTextCppClass.cpp in Sources */ = {isa = PBXBuildFile; fileRef = 32FB37F124C036E6009BB23E /* SGHTextCppClass.cpp */; };
		32FB38C824C04CB8009BB23E /* libc++.tbd in Frameworks */ = {isa = PBXBuildFile; fileRef = 32FB38C724C04CB8009BB23E /* libc++.tbd */; };
		32FB38CA24C04CF9009BB23E /* libc++abi.tbd in Frameworks */ = {isa = PBXBuildFile; fileRef = 32FB38C924C04CF9009BB23E /* libc++abi.tbd */; };
		32FB38D724C1392C009BB23E /* SGHCppStudent.cpp in Sources */ = {isa = PBXBuildFile; fileRef = 32FB38D524C1392C009BB23E /* SGHCppStudent.cpp */; };
		32FB38DB24C13C54009BB23E /* SGHCPlusPlusClass.cpp in Sources */ = {isa = PBXBuildFile; fileRef = 32FB38D924C13C54009BB23E /* SGHCPlusPlusClass.cpp */; };
		32FB38DE24C13D38009BB23E /* SGHObjectiveCAdaptor.m in Sources */ = {isa = PBXBuildFile; fileRef = 32FB38DD24C13D38009BB23E /* SGHObjectiveCAdaptor.m */; };
		8FB1AEAF24CC8E2300281126 /* Poj2431Expedition.cpp in Sources */ = {isa = PBXBuildFile; fileRef = 8FB1AEAD24CC8E2300281126 /* Poj2431Expedition.cpp */; };
/* End PBXBuildFile section */

/* Begin PBXFileReference section */
		3217755B24CADF8E00EA3E30 /* LeetCode55.cpp */ = {isa = PBXFileReference; lastKnownFileType = sourcecode.cpp.cpp; path = LeetCode55.cpp; sourceTree = "<group>"; };
		3217755C24CADF8E00EA3E30 /* LeetCode55.hpp */ = {isa = PBXFileReference; lastKnownFileType = sourcecode.cpp.h; path = LeetCode55.hpp; sourceTree = "<group>"; };
		3217755E24CAE80300EA3E30 /* LeetCode45.cpp */ = {isa = PBXFileReference; lastKnownFileType = sourcecode.cpp.cpp; path = LeetCode45.cpp; sourceTree = "<group>"; };
		3217755F24CAE80300EA3E30 /* LeetCode45.hpp */ = {isa = PBXFileReference; lastKnownFileType = sourcecode.cpp.h; path = LeetCode45.hpp; sourceTree = "<group>"; };
		3217756124CAED7A00EA3E30 /* LeetCode452.cpp */ = {isa = PBXFileReference; lastKnownFileType = sourcecode.cpp.cpp; path = LeetCode452.cpp; sourceTree = "<group>"; };
		3217756224CAED7A00EA3E30 /* LeetCode452.hpp */ = {isa = PBXFileReference; lastKnownFileType = sourcecode.cpp.h; path = LeetCode452.hpp; sourceTree = "<group>"; };
		324E5E2C24C6E0A30033F1BB /* LeetCode376.cpp */ = {isa = PBXFileReference; lastKnownFileType = sourcecode.cpp.cpp; path = LeetCode376.cpp; sourceTree = "<group>"; };
		324E5E2D24C6E0A30033F1BB /* LeetCode376.hpp */ = {isa = PBXFileReference; lastKnownFileType = sourcecode.cpp.h; path = LeetCode376.hpp; sourceTree = "<group>"; };
		324E5E2F24C6EB850033F1BB /* LeetCode402.cpp */ = {isa = PBXFileReference; lastKnownFileType = sourcecode.cpp.cpp; path = LeetCode402.cpp; sourceTree = "<group>"; };
		324E5E3024C6EB850033F1BB /* LeetCode402.hpp */ = {isa = PBXFileReference; lastKnownFileType = sourcecode.cpp.h; path = LeetCode402.hpp; sourceTree = "<group>"; };
		32B7708B24C187B90016795B /* SGHLinkList.h */ = {isa = PBXFileReference; lastKnownFileType = sourcecode.c.h; path = SGHLinkList.h; sourceTree = "<group>"; };
		32B7709124C191690016795B /* SGHDoubleLinkList.h */ = {isa = PBXFileReference; lastKnownFileType = sourcecode.c.h; path = SGHDoubleLinkList.h; sourceTree = "<group>"; };
		32B7709224C195400016795B /* ListNode.h */ = {isa = PBXFileReference; lastKnownFileType = sourcecode.c.h; path = ListNode.h; sourceTree = "<group>"; };
		32B7709624C1981E0016795B /* LeetCode160.cpp */ = {isa = PBXFileReference; lastKnownFileType = sourcecode.cpp.cpp; path = LeetCode160.cpp; sourceTree = "<group>"; };
		32B7709724C1981E0016795B /* LeetCode160.hpp */ = {isa = PBXFileReference; lastKnownFileType = sourcecode.cpp.h; path = LeetCode160.hpp; sourceTree = "<group>"; };
		32B7709924C1A8AE0016795B /* LeetCode141.cpp */ = {isa = PBXFileReference; lastKnownFileType = sourcecode.cpp.cpp; path = LeetCode141.cpp; sourceTree = "<group>"; };
		32B7709A24C1A8AE0016795B /* LeetCode141.hpp */ = {isa = PBXFileReference; lastKnownFileType = sourcecode.cpp.h; path = LeetCode141.hpp; sourceTree = "<group>"; };
		32B7709C24C1B4FC0016795B /* LeetCode86.cpp */ = {isa = PBXFileReference; lastKnownFileType = sourcecode.cpp.cpp; path = LeetCode86.cpp; sourceTree = "<group>"; };
		32B7709D24C1B4FC0016795B /* LeetCode86.hpp */ = {isa = PBXFileReference; lastKnownFileType = sourcecode.cpp.h; path = LeetCode86.hpp; sourceTree = "<group>"; };
		32B7709F24C53A300016795B /* LeetCode138.cpp */ = {isa = PBXFileReference; lastKnownFileType = sourcecode.cpp.cpp; path = LeetCode138.cpp; sourceTree = "<group>"; };
		32B770A024C53A300016795B /* LeetCode138.hpp */ = {isa = PBXFileReference; lastKnownFileType = sourcecode.cpp.h; path = LeetCode138.hpp; sourceTree = "<group>"; };
		32B770A224C53F3D0016795B /* LeetCode21.cpp */ = {isa = PBXFileReference; lastKnownFileType = sourcecode.cpp.cpp; path = LeetCode21.cpp; sourceTree = "<group>"; };
		32B770A324C53F3D0016795B /* LeetCode21.hpp */ = {isa = PBXFileReference; lastKnownFileType = sourcecode.cpp.h; path = LeetCode21.hpp; sourceTree = "<group>"; };
		32B770A524C541F60016795B /* LeetCode92.cpp */ = {isa = PBXFileReference; lastKnownFileType = sourcecode.cpp.cpp; path = LeetCode92.cpp; sourceTree = "<group>"; };
		32B770A624C541F60016795B /* LeetCode92.hpp */ = {isa = PBXFileReference; lastKnownFileType = sourcecode.cpp.h; path = LeetCode92.hpp; sourceTree = "<group>"; };
		32B770A824C542960016795B /* LeetCode206.cpp */ = {isa = PBXFileReference; lastKnownFileType = sourcecode.cpp.cpp; path = LeetCode206.cpp; sourceTree = "<group>"; };
		32B770A924C542960016795B /* LeetCode206.hpp */ = {isa = PBXFileReference; lastKnownFileType = sourcecode.cpp.h; path = LeetCode206.hpp; sourceTree = "<group>"; };
		32B770AB24C55E210016795B /* LeetCode23.cpp */ = {isa = PBXFileReference; lastKnownFileType = sourcecode.cpp.cpp; path = LeetCode23.cpp; sourceTree = "<group>"; };
		32B770AC24C55E210016795B /* LeetCode23.hpp */ = {isa = PBXFileReference; lastKnownFileType = sourcecode.cpp.h; path = LeetCode23.hpp; sourceTree = "<group>"; };
		32B770AE24C572B50016795B /* SGHLinkList.cpp */ = {isa = PBXFileReference; lastKnownFileType = sourcecode.cpp.cpp; path = SGHLinkList.cpp; sourceTree = "<group>"; };
		32B770AF24C572B50016795B /* SGHLinkList.hpp */ = {isa = PBXFileReference; lastKnownFileType = sourcecode.cpp.h; path = SGHLinkList.hpp; sourceTree = "<group>"; };
		32B770B224C576C50016795B /* SGHStackQueueHeapViewController.h */ = {isa = PBXFileReference; lastKnownFileType = sourcecode.c.h; path = SGHStackQueueHeapViewController.h; sourceTree = "<group>"; };
		32B770B324C576C50016795B /* SGHStackQueueHeapViewController.mm */ = {isa = PBXFileReference; lastKnownFileType = sourcecode.cpp.objcpp; path = SGHStackQueueHeapViewController.mm; sourceTree = "<group>"; };
		32B770BA24C578000016795B /* SGHPrepareStack.cpp */ = {isa = PBXFileReference; lastKnownFileType = sourcecode.cpp.cpp; path = SGHPrepareStack.cpp; sourceTree = "<group>"; };
		32B770BB24C578000016795B /* SGHPrepareStack.hpp */ = {isa = PBXFileReference; lastKnownFileType = sourcecode.cpp.h; path = SGHPrepareStack.hpp; sourceTree = "<group>"; };
		32B770BD24C57BC00016795B /* LeetCode225.cpp */ = {isa = PBXFileReference; lastKnownFileType = sourcecode.cpp.cpp; path = LeetCode225.cpp; sourceTree = "<group>"; };
		32B770BE24C57BC00016795B /* LeetCode225.hpp */ = {isa = PBXFileReference; lastKnownFileType = sourcecode.cpp.h; path = LeetCode225.hpp; sourceTree = "<group>"; };
		32B770C024C5806B0016795B /* LeetCode232.cpp */ = {isa = PBXFileReference; lastKnownFileType = sourcecode.cpp.cpp; path = LeetCode232.cpp; sourceTree = "<group>"; };
		32B770C124C5806B0016795B /* LeetCode232.hpp */ = {isa = PBXFileReference; lastKnownFileType = sourcecode.cpp.h; path = LeetCode232.hpp; sourceTree = "<group>"; };
		32B770C324C584FB0016795B /* LeetCode155.cpp */ = {isa = PBXFileReference; lastKnownFileType = sourcecode.cpp.cpp; path = LeetCode155.cpp; sourceTree = "<group>"; };
		32B770C424C584FB0016795B /* LeetCode155.hpp */ = {isa = PBXFileReference; lastKnownFileType = sourcecode.cpp.h; path = LeetCode155.hpp; sourceTree = "<group>"; };
		32B770C624C58BB10016795B /* POJ1363Rails.cpp */ = {isa = PBXFileReference; lastKnownFileType = sourcecode.cpp.cpp; path = POJ1363Rails.cpp; sourceTree = "<group>"; };
		32B770C724C58BB10016795B /* POJ1363Rails.hpp */ = {isa = PBXFileReference; lastKnownFileType = sourcecode.cpp.h; path = POJ1363Rails.hpp; sourceTree = "<group>"; };
		32B770C924C679990016795B /* LeetCode224.cpp */ = {isa = PBXFileReference; lastKnownFileType = sourcecode.cpp.cpp; path = LeetCode224.cpp; sourceTree = "<group>"; };
		32B770CA24C679990016795B /* LeetCode224.hpp */ = {isa = PBXFileReference; lastKnownFileType = sourcecode.cpp.h; path = LeetCode224.hpp; sourceTree = "<group>"; };
		32B770CC24C6966D0016795B /* LeetCode215.cpp */ = {isa = PBXFileReference; lastKnownFileType = sourcecode.cpp.cpp; path = LeetCode215.cpp; sourceTree = "<group>"; };
		32B770CD24C6966D0016795B /* LeetCode215.hpp */ = {isa = PBXFileReference; lastKnownFileType = sourcecode.cpp.h; path = LeetCode215.hpp; sourceTree = "<group>"; };
		32B770CF24C6C4910016795B /* LeetCode295.cpp */ = {isa = PBXFileReference; lastKnownFileType = sourcecode.cpp.cpp; path = LeetCode295.cpp; sourceTree = "<group>"; };
		32B770D024C6C4910016795B /* LeetCode295.hpp */ = {isa = PBXFileReference; lastKnownFileType = sourcecode.cpp.h; path = LeetCode295.hpp; sourceTree = "<group>"; };
		32B770D324C6D1BF0016795B /* SGHGreedyAlgorithmViewController.h */ = {isa = PBXFileReference; lastKnownFileType = sourcecode.c.h; path = SGHGreedyAlgorithmViewController.h; sourceTree = "<group>"; };
		32B770D424C6D1BF0016795B /* SGHGreedyAlgorithmViewController.mm */ = {isa = PBXFileReference; lastKnownFileType = sourcecode.cpp.objcpp; path = SGHGreedyAlgorithmViewController.mm; sourceTree = "<group>"; };
		32B770D724C6D26B0016795B /* SGH2ListNodeViewController.h */ = {isa = PBXFileReference; lastKnownFileType = sourcecode.c.h; path = SGH2ListNodeViewController.h; sourceTree = "<group>"; };
		32B770D824C6D26C0016795B /* SGH2ListNodeViewController.mm */ = {isa = PBXFileReference; lastKnownFileType = sourcecode.cpp.objcpp; path = SGH2ListNodeViewController.mm; sourceTree = "<group>"; };
		32B770DB24C6D4620016795B /* SGHPrepareGreedy.cpp */ = {isa = PBXFileReference; lastKnownFileType = sourcecode.cpp.cpp; path = SGHPrepareGreedy.cpp; sourceTree = "<group>"; };
		32B770DC24C6D4620016795B /* SGHPrepareGreedy.hpp */ = {isa = PBXFileReference; lastKnownFileType = sourcecode.cpp.h; path = SGHPrepareGreedy.hpp; sourceTree = "<group>"; };
		32B770DE24C6D7C60016795B /* LeetCode455.cpp */ = {isa = PBXFileReference; lastKnownFileType = sourcecode.cpp.cpp; path = LeetCode455.cpp; sourceTree = "<group>"; };
		32B770DF24C6D7C60016795B /* LeetCode455.hpp */ = {isa = PBXFileReference; lastKnownFileType = sourcecode.cpp.h; path = LeetCode455.hpp; sourceTree = "<group>"; };
		32FB37B524C02DC0009BB23E /* DataStructuresAndAlgorithms.app */ = {isa = PBXFileReference; explicitFileType = wrapper.application; includeInIndex = 0; path = DataStructuresAndAlgorithms.app; sourceTree = BUILT_PRODUCTS_DIR; };
		32FB37B824C02DC0009BB23E /* AppDelegate.h */ = {isa = PBXFileReference; lastKnownFileType = sourcecode.c.h; path = AppDelegate.h; sourceTree = "<group>"; };
		32FB37B924C02DC1009BB23E /* AppDelegate.m */ = {isa = PBXFileReference; lastKnownFileType = sourcecode.c.objc; path = AppDelegate.m; sourceTree = "<group>"; };
		32FB37C224C02DC1009BB23E /* Base */ = {isa = PBXFileReference; lastKnownFileType = file.storyboard; name = Base; path = Base.lproj/Main.storyboard; sourceTree = "<group>"; };
		32FB37C424C02DC3009BB23E /* Assets.xcassets */ = {isa = PBXFileReference; lastKnownFileType = folder.assetcatalog; path = Assets.xcassets; sourceTree = "<group>"; };
		32FB37C724C02DC3009BB23E /* Base */ = {isa = PBXFileReference; lastKnownFileType = file.storyboard; name = Base; path = Base.lproj/LaunchScreen.storyboard; sourceTree = "<group>"; };
		32FB37C924C02DC3009BB23E /* Info.plist */ = {isa = PBXFileReference; lastKnownFileType = text.plist.xml; path = Info.plist; sourceTree = "<group>"; };
		32FB37CA24C02DC3009BB23E /* main.m */ = {isa = PBXFileReference; lastKnownFileType = sourcecode.c.objc; path = main.m; sourceTree = "<group>"; };
		32FB37D224C02E3A009BB23E /* SGHTabBarViewController.h */ = {isa = PBXFileReference; lastKnownFileType = sourcecode.c.h; path = SGHTabBarViewController.h; sourceTree = "<group>"; };
		32FB37D324C02E3A009BB23E /* SGHTabBarViewController.m */ = {isa = PBXFileReference; lastKnownFileType = sourcecode.c.objc; path = SGHTabBarViewController.m; sourceTree = "<group>"; };
		32FB37D824C02EEE009BB23E /* SGHBookmarksViewController.h */ = {isa = PBXFileReference; lastKnownFileType = sourcecode.c.h; path = SGHBookmarksViewController.h; sourceTree = "<group>"; };
		32FB37D924C02EEE009BB23E /* SGHBookmarksViewController.m */ = {isa = PBXFileReference; lastKnownFileType = sourcecode.c.objc; path = SGHBookmarksViewController.m; sourceTree = "<group>"; };
		32FB37DC24C02F4A009BB23E /* UIViewController+ExecuteMethod.m */ = {isa = PBXFileReference; fileEncoding = 4; lastKnownFileType = sourcecode.c.objc; path = "UIViewController+ExecuteMethod.m"; sourceTree = "<group>"; };
		32FB37DD24C02F4A009BB23E /* SHBaseTableViewController.m */ = {isa = PBXFileReference; fileEncoding = 4; lastKnownFileType = sourcecode.c.objc; path = SHBaseTableViewController.m; sourceTree = "<group>"; };
		32FB37DE24C02F4A009BB23E /* SHBaseTableViewController.h */ = {isa = PBXFileReference; fileEncoding = 4; lastKnownFileType = sourcecode.c.h; path = SHBaseTableViewController.h; sourceTree = "<group>"; };
		32FB37DF24C02F4A009BB23E /* UIViewController+ExecuteMethod.h */ = {isa = PBXFileReference; fileEncoding = 4; lastKnownFileType = sourcecode.c.h; path = "UIViewController+ExecuteMethod.h"; sourceTree = "<group>"; };
		32FB37E224C02F81009BB23E /* SGHCellModel.h */ = {isa = PBXFileReference; fileEncoding = 4; lastKnownFileType = sourcecode.c.h; path = SGHCellModel.h; sourceTree = "<group>"; };
		32FB37E324C02F81009BB23E /* SGHCellModel.m */ = {isa = PBXFileReference; fileEncoding = 4; lastKnownFileType = sourcecode.c.objc; path = SGHCellModel.m; sourceTree = "<group>"; };
		32FB37E524C02FB8009BB23E /* SGHContactsViewController.h */ = {isa = PBXFileReference; lastKnownFileType = sourcecode.c.h; path = SGHContactsViewController.h; sourceTree = "<group>"; };
		32FB37E624C02FB8009BB23E /* SGHContactsViewController.m */ = {isa = PBXFileReference; lastKnownFileType = sourcecode.c.objc; path = SGHContactsViewController.m; sourceTree = "<group>"; };
		32FB37E924C03243009BB23E /* SGHChapter2ViewController.h */ = {isa = PBXFileReference; lastKnownFileType = sourcecode.c.h; path = SGHChapter2ViewController.h; sourceTree = "<group>"; };
		32FB37EA24C03243009BB23E /* SGHChapter2ViewController.mm */ = {isa = PBXFileReference; lastKnownFileType = sourcecode.cpp.objcpp; path = SGHChapter2ViewController.mm; sourceTree = "<group>"; };
		32FB37EC24C03548009BB23E /* DataStructuresAndAlgorithms.pch */ = {isa = PBXFileReference; lastKnownFileType = sourcecode.c.h; path = DataStructuresAndAlgorithms.pch; sourceTree = "<group>"; };
		32FB37ED24C036AA009BB23E /* SGHCallCppClassViewController.h */ = {isa = PBXFileReference; lastKnownFileType = sourcecode.c.h; path = SGHCallCppClassViewController.h; sourceTree = "<group>"; };
		32FB37EE24C036AA009BB23E /* SGHCallCppClassViewController.mm */ = {isa = PBXFileReference; lastKnownFileType = sourcecode.cpp.objcpp; path = SGHCallCppClassViewController.mm; sourceTree = "<group>"; };
		32FB37F124C036E6009BB23E /* SGHTextCppClass.cpp */ = {isa = PBXFileReference; fileEncoding = 4; lastKnownFileType = sourcecode.cpp.cpp; path = SGHTextCppClass.cpp; sourceTree = "<group>"; };
		32FB37F224C036E6009BB23E /* SGHTextCppClass.hpp */ = {isa = PBXFileReference; fileEncoding = 4; lastKnownFileType = sourcecode.cpp.h; path = SGHTextCppClass.hpp; sourceTree = "<group>"; };
		32FB38C724C04CB8009BB23E /* libc++.tbd */ = {isa = PBXFileReference; lastKnownFileType = "sourcecode.text-based-dylib-definition"; name = "libc++.tbd"; path = "usr/lib/libc++.tbd"; sourceTree = SDKROOT; };
		32FB38C924C04CF9009BB23E /* libc++abi.tbd */ = {isa = PBXFileReference; lastKnownFileType = "sourcecode.text-based-dylib-definition"; name = "libc++abi.tbd"; path = "usr/lib/libc++abi.tbd"; sourceTree = SDKROOT; };
		32FB38D524C1392C009BB23E /* SGHCppStudent.cpp */ = {isa = PBXFileReference; lastKnownFileType = sourcecode.cpp.cpp; path = SGHCppStudent.cpp; sourceTree = "<group>"; };
		32FB38D624C1392C009BB23E /* SGHCppStudent.hpp */ = {isa = PBXFileReference; lastKnownFileType = sourcecode.cpp.h; path = SGHCppStudent.hpp; sourceTree = "<group>"; };
		32FB38D924C13C54009BB23E /* SGHCPlusPlusClass.cpp */ = {isa = PBXFileReference; lastKnownFileType = sourcecode.cpp.cpp; path = SGHCPlusPlusClass.cpp; sourceTree = "<group>"; };
		32FB38DA24C13C54009BB23E /* SGHCPlusPlusClass.hpp */ = {isa = PBXFileReference; lastKnownFileType = sourcecode.cpp.h; path = SGHCPlusPlusClass.hpp; sourceTree = "<group>"; };
		32FB38DC24C13D38009BB23E /* SGHObjectiveCAdaptor.h */ = {isa = PBXFileReference; lastKnownFileType = sourcecode.c.h; path = SGHObjectiveCAdaptor.h; sourceTree = "<group>"; };
		32FB38DD24C13D38009BB23E /* SGHObjectiveCAdaptor.m */ = {isa = PBXFileReference; lastKnownFileType = sourcecode.c.objc; path = SGHObjectiveCAdaptor.m; sourceTree = "<group>"; };
		7913E0EEC34FDB1F861A341E /* Pods-DataStructuresAndAlgorithms.release.xcconfig */ = {isa = PBXFileReference; includeInIndex = 1; lastKnownFileType = text.xcconfig; name = "Pods-DataStructuresAndAlgorithms.release.xcconfig"; path = "Target Support Files/Pods-DataStructuresAndAlgorithms/Pods-DataStructuresAndAlgorithms.release.xcconfig"; sourceTree = "<group>"; };
		8FB1AEAD24CC8E2300281126 /* Poj2431Expedition.cpp */ = {isa = PBXFileReference; lastKnownFileType = sourcecode.cpp.cpp; path = Poj2431Expedition.cpp; sourceTree = "<group>"; };
		8FB1AEAE24CC8E2300281126 /* Poj2431Expedition.hpp */ = {isa = PBXFileReference; lastKnownFileType = sourcecode.cpp.h; path = Poj2431Expedition.hpp; sourceTree = "<group>"; };
		AF92991193FBBA89699C382E /* Pods_DataStructuresAndAlgorithms.framework */ = {isa = PBXFileReference; explicitFileType = wrapper.framework; includeInIndex = 0; path = Pods_DataStructuresAndAlgorithms.framework; sourceTree = BUILT_PRODUCTS_DIR; };
		E059481AD3B41273637ED9F4 /* Pods-DataStructuresAndAlgorithms.debug.xcconfig */ = {isa = PBXFileReference; includeInIndex = 1; lastKnownFileType = text.xcconfig; name = "Pods-DataStructuresAndAlgorithms.debug.xcconfig"; path = "Target Support Files/Pods-DataStructuresAndAlgorithms/Pods-DataStructuresAndAlgorithms.debug.xcconfig"; sourceTree = "<group>"; };
/* End PBXFileReference section */

/* Begin PBXFrameworksBuildPhase section */
		32FB37B224C02DC0009BB23E /* Frameworks */ = {
			isa = PBXFrameworksBuildPhase;
			buildActionMask = 2147483647;
			files = (
				32FB38CA24C04CF9009BB23E /* libc++abi.tbd in Frameworks */,
				32FB38C824C04CB8009BB23E /* libc++.tbd in Frameworks */,
				11DE63D66125784A1F0EB226 /* Pods_DataStructuresAndAlgorithms.framework in Frameworks */,
			);
			runOnlyForDeploymentPostprocessing = 0;
		};
/* End PBXFrameworksBuildPhase section */

/* Begin PBXGroup section */
		32B7708E24C190FB0016795B /* SectionOne */ = {
			isa = PBXGroup;
			children = (
				32B7709024C1913B0016795B /* 2DoubleLinkList */,
				32FB37F524C0377A009BB23E /* 1Linklist */,
			);
			path = SectionOne;
			sourceTree = "<group>";
		};
		32B7708F24C191060016795B /* SectionTwo */ = {
			isa = PBXGroup;
			children = (
				32B7709224C195400016795B /* ListNode.h */,
				32B770AC24C55E210016795B /* LeetCode23.hpp */,
				32B770AB24C55E210016795B /* LeetCode23.cpp */,
				32B770A324C53F3D0016795B /* LeetCode21.hpp */,
				32B770A224C53F3D0016795B /* LeetCode21.cpp */,
				32B770A024C53A300016795B /* LeetCode138.hpp */,
				32B7709F24C53A300016795B /* LeetCode138.cpp */,
				32B7709D24C1B4FC0016795B /* LeetCode86.hpp */,
				32B7709C24C1B4FC0016795B /* LeetCode86.cpp */,
				32B7709A24C1A8AE0016795B /* LeetCode141.hpp */,
				32B7709924C1A8AE0016795B /* LeetCode141.cpp */,
				32B7709724C1981E0016795B /* LeetCode160.hpp */,
				32B7709624C1981E0016795B /* LeetCode160.cpp */,
				32B770A624C541F60016795B /* LeetCode92.hpp */,
				32B770A524C541F60016795B /* LeetCode92.cpp */,
				32B770A924C542960016795B /* LeetCode206.hpp */,
				32B770A824C542960016795B /* LeetCode206.cpp */,
			);
			path = SectionTwo;
			sourceTree = "<group>";
		};
		32B7709024C1913B0016795B /* 2DoubleLinkList */ = {
			isa = PBXGroup;
			children = (
				32B7709124C191690016795B /* SGHDoubleLinkList.h */,
			);
			path = 2DoubleLinkList;
			sourceTree = "<group>";
		};
		32B770B124C576A20016795B /* 1StackQueueHeap */ = {
			isa = PBXGroup;
			children = (
				32B770B224C576C50016795B /* SGHStackQueueHeapViewController.h */,
				32B770B324C576C50016795B /* SGHStackQueueHeapViewController.mm */,
				32B770B524C577930016795B /* 1Stack */,
			);
			path = 1StackQueueHeap;
			sourceTree = "<group>";
		};
		32B770B524C577930016795B /* 1Stack */ = {
			isa = PBXGroup;
			children = (
				32B770D024C6C4910016795B /* LeetCode295.hpp */,
				32B770CF24C6C4910016795B /* LeetCode295.cpp */,
				32B770CD24C6966D0016795B /* LeetCode215.hpp */,
				32B770CC24C6966D0016795B /* LeetCode215.cpp */,
				32B770CA24C679990016795B /* LeetCode224.hpp */,
				32B770C924C679990016795B /* LeetCode224.cpp */,
				32B770C724C58BB10016795B /* POJ1363Rails.hpp */,
				32B770C624C58BB10016795B /* POJ1363Rails.cpp */,
				32B770C424C584FB0016795B /* LeetCode155.hpp */,
				32B770C324C584FB0016795B /* LeetCode155.cpp */,
				32B770C124C5806B0016795B /* LeetCode232.hpp */,
				32B770C024C5806B0016795B /* LeetCode232.cpp */,
				32B770BE24C57BC00016795B /* LeetCode225.hpp */,
				32B770BD24C57BC00016795B /* LeetCode225.cpp */,
				32B770BB24C578000016795B /* SGHPrepareStack.hpp */,
				32B770BA24C578000016795B /* SGHPrepareStack.cpp */,
			);
			path = 1Stack;
			sourceTree = "<group>";
		};
		32B770D224C6D19A0016795B /* 3GreedyAlgorithm */ = {
			isa = PBXGroup;
			children = (
				32B770D324C6D1BF0016795B /* SGHGreedyAlgorithmViewController.h */,
				32B770D424C6D1BF0016795B /* SGHGreedyAlgorithmViewController.mm */,
				32B770DA24C6D3320016795B /* Modules */,
			);
			path = 3GreedyAlgorithm;
			sourceTree = "<group>";
		};
		32B770D624C6D2520016795B /* 2ListNode */ = {
			isa = PBXGroup;
			children = (
				32B770D724C6D26B0016795B /* SGH2ListNodeViewController.h */,
				32B770D824C6D26C0016795B /* SGH2ListNodeViewController.mm */,
				32B7708F24C191060016795B /* SectionTwo */,
			);
			path = 2ListNode;
			sourceTree = "<group>";
		};
		32B770DA24C6D3320016795B /* Modules */ = {
			isa = PBXGroup;
			children = (
				32B770DC24C6D4620016795B /* SGHPrepareGreedy.hpp */,
				32B770DB24C6D4620016795B /* SGHPrepareGreedy.cpp */,
				8FB1AEAE24CC8E2300281126 /* Poj2431Expedition.hpp */,
				8FB1AEAD24CC8E2300281126 /* Poj2431Expedition.cpp */,
				3217756224CAED7A00EA3E30 /* LeetCode452.hpp */,
				3217756124CAED7A00EA3E30 /* LeetCode452.cpp */,
				3217755F24CAE80300EA3E30 /* LeetCode45.hpp */,
				3217755E24CAE80300EA3E30 /* LeetCode45.cpp */,
				3217755C24CADF8E00EA3E30 /* LeetCode55.hpp */,
				3217755B24CADF8E00EA3E30 /* LeetCode55.cpp */,
				324E5E3024C6EB850033F1BB /* LeetCode402.hpp */,
				324E5E2F24C6EB850033F1BB /* LeetCode402.cpp */,
				324E5E2D24C6E0A30033F1BB /* LeetCode376.hpp */,
				324E5E2C24C6E0A30033F1BB /* LeetCode376.cpp */,
				32B770DF24C6D7C60016795B /* LeetCode455.hpp */,
				32B770DE24C6D7C60016795B /* LeetCode455.cpp */,
			);
			path = Modules;
			sourceTree = "<group>";
		};
		32FB37AC24C02DC0009BB23E = {
			isa = PBXGroup;
			children = (
				32FB37B724C02DC0009BB23E /* DataStructuresAndAlgorithms */,
				32FB37B624C02DC0009BB23E /* Products */,
				7EBB9D663B39FCB8209BD3C0 /* Pods */,
				B558CD168017B24971A9A49D /* Frameworks */,
			);
			sourceTree = "<group>";
		};
		32FB37B624C02DC0009BB23E /* Products */ = {
			isa = PBXGroup;
			children = (
				32FB37B524C02DC0009BB23E /* DataStructuresAndAlgorithms.app */,
			);
			name = Products;
			sourceTree = "<group>";
		};
		32FB37B724C02DC0009BB23E /* DataStructuresAndAlgorithms */ = {
			isa = PBXGroup;
			children = (
				32FB37B824C02DC0009BB23E /* AppDelegate.h */,
				32FB37B924C02DC1009BB23E /* AppDelegate.m */,
				32FB37D524C02EA8009BB23E /* Modules */,
				32FB37D124C02E1B009BB23E /* Tabbar */,
				32FB37DB24C02F23009BB23E /* Base */,
				32FB37C124C02DC1009BB23E /* Main.storyboard */,
				32FB37C424C02DC3009BB23E /* Assets.xcassets */,
				32FB37C624C02DC3009BB23E /* LaunchScreen.storyboard */,
				32FB37C924C02DC3009BB23E /* Info.plist */,
				32FB37EC24C03548009BB23E /* DataStructuresAndAlgorithms.pch */,
				32FB37CA24C02DC3009BB23E /* main.m */,
			);
			path = DataStructuresAndAlgorithms;
			sourceTree = "<group>";
		};
		32FB37D124C02E1B009BB23E /* Tabbar */ = {
			isa = PBXGroup;
			children = (
				32FB37D224C02E3A009BB23E /* SGHTabBarViewController.h */,
				32FB37D324C02E3A009BB23E /* SGHTabBarViewController.m */,
			);
			path = Tabbar;
			sourceTree = "<group>";
		};
		32FB37D524C02EA8009BB23E /* Modules */ = {
			isa = PBXGroup;
			children = (
				32FB37D724C02EBD009BB23E /* Contacts */,
				32FB37D624C02EB5009BB23E /* Bookmarks */,
			);
			path = Modules;
			sourceTree = "<group>";
		};
		32FB37D624C02EB5009BB23E /* Bookmarks */ = {
			isa = PBXGroup;
			children = (
				32FB37D824C02EEE009BB23E /* SGHBookmarksViewController.h */,
				32FB37D924C02EEE009BB23E /* SGHBookmarksViewController.m */,
				32FB37E824C031FC009BB23E /* Modules */,
			);
			path = Bookmarks;
			sourceTree = "<group>";
		};
		32FB37D724C02EBD009BB23E /* Contacts */ = {
			isa = PBXGroup;
			children = (
				32FB37E524C02FB8009BB23E /* SGHContactsViewController.h */,
				32FB37E624C02FB8009BB23E /* SGHContactsViewController.m */,
			);
			path = Contacts;
			sourceTree = "<group>";
		};
		32FB37DB24C02F23009BB23E /* Base */ = {
			isa = PBXGroup;
			children = (
				32FB37DE24C02F4A009BB23E /* SHBaseTableViewController.h */,
				32FB37DD24C02F4A009BB23E /* SHBaseTableViewController.m */,
				32FB37E224C02F81009BB23E /* SGHCellModel.h */,
				32FB37E324C02F81009BB23E /* SGHCellModel.m */,
				32FB37DF24C02F4A009BB23E /* UIViewController+ExecuteMethod.h */,
				32FB37DC24C02F4A009BB23E /* UIViewController+ExecuteMethod.m */,
			);
			path = Base;
			sourceTree = "<group>";
		};
		32FB37E824C031FC009BB23E /* Modules */ = {
			isa = PBXGroup;
			children = (
				32B770D224C6D19A0016795B /* 3GreedyAlgorithm */,
				32B770D624C6D2520016795B /* 2ListNode */,
				32B770B124C576A20016795B /* 1StackQueueHeap */,
				32FB37F424C03771009BB23E /* Chapter2 */,
				32FB37F024C036C1009BB23E /* CallCppClass */,
			);
			path = Modules;
			sourceTree = "<group>";
		};
		32FB37F024C036C1009BB23E /* CallCppClass */ = {
			isa = PBXGroup;
			children = (
				32FB37ED24C036AA009BB23E /* SGHCallCppClassViewController.h */,
				32FB37EE24C036AA009BB23E /* SGHCallCppClassViewController.mm */,
				32FB38D824C13C42009BB23E /* Demo3 */,
				32FB38D424C1390E009BB23E /* CppStudent */,
				32FB38D324C138DE009BB23E /* TestCppClass */,
			);
			path = CallCppClass;
			sourceTree = "<group>";
		};
		32FB37F424C03771009BB23E /* Chapter2 */ = {
			isa = PBXGroup;
			children = (
				32FB37E924C03243009BB23E /* SGHChapter2ViewController.h */,
				32FB37EA24C03243009BB23E /* SGHChapter2ViewController.mm */,
				32B7708E24C190FB0016795B /* SectionOne */,
			);
			path = Chapter2;
			sourceTree = "<group>";
		};
		32FB37F524C0377A009BB23E /* 1Linklist */ = {
			isa = PBXGroup;
			children = (
				32B7708B24C187B90016795B /* SGHLinkList.h */,
				32B770AF24C572B50016795B /* SGHLinkList.hpp */,
				32B770AE24C572B50016795B /* SGHLinkList.cpp */,
			);
			path = 1Linklist;
			sourceTree = "<group>";
		};
		32FB38D324C138DE009BB23E /* TestCppClass */ = {
			isa = PBXGroup;
			children = (
				32FB37F224C036E6009BB23E /* SGHTextCppClass.hpp */,
				32FB37F124C036E6009BB23E /* SGHTextCppClass.cpp */,
			);
			path = TestCppClass;
			sourceTree = "<group>";
		};
		32FB38D424C1390E009BB23E /* CppStudent */ = {
			isa = PBXGroup;
			children = (
				32FB38D624C1392C009BB23E /* SGHCppStudent.hpp */,
				32FB38D524C1392C009BB23E /* SGHCppStudent.cpp */,
			);
			path = CppStudent;
			sourceTree = "<group>";
		};
		32FB38D824C13C42009BB23E /* Demo3 */ = {
			isa = PBXGroup;
			children = (
				32FB38DA24C13C54009BB23E /* SGHCPlusPlusClass.hpp */,
				32FB38D924C13C54009BB23E /* SGHCPlusPlusClass.cpp */,
				32FB38DC24C13D38009BB23E /* SGHObjectiveCAdaptor.h */,
				32FB38DD24C13D38009BB23E /* SGHObjectiveCAdaptor.m */,
			);
			path = Demo3;
			sourceTree = "<group>";
		};
		7EBB9D663B39FCB8209BD3C0 /* Pods */ = {
			isa = PBXGroup;
			children = (
				E059481AD3B41273637ED9F4 /* Pods-DataStructuresAndAlgorithms.debug.xcconfig */,
				7913E0EEC34FDB1F861A341E /* Pods-DataStructuresAndAlgorithms.release.xcconfig */,
			);
			path = Pods;
			sourceTree = "<group>";
		};
		B558CD168017B24971A9A49D /* Frameworks */ = {
			isa = PBXGroup;
			children = (
				32FB38C924C04CF9009BB23E /* libc++abi.tbd */,
				32FB38C724C04CB8009BB23E /* libc++.tbd */,
				AF92991193FBBA89699C382E /* Pods_DataStructuresAndAlgorithms.framework */,
			);
			name = Frameworks;
			sourceTree = "<group>";
		};
/* End PBXGroup section */

/* Begin PBXNativeTarget section */
		32FB37B424C02DC0009BB23E /* DataStructuresAndAlgorithms */ = {
			isa = PBXNativeTarget;
			buildConfigurationList = 32FB37CE24C02DC3009BB23E /* Build configuration list for PBXNativeTarget "DataStructuresAndAlgorithms" */;
			buildPhases = (
				962655E68BB49E5203F035FF /* [CP] Check Pods Manifest.lock */,
				32FB37B124C02DC0009BB23E /* Sources */,
				32FB37B224C02DC0009BB23E /* Frameworks */,
				32FB37B324C02DC0009BB23E /* Resources */,
				6D440B6AEBDFC515D4361E6F /* [CP] Embed Pods Frameworks */,
			);
			buildRules = (
			);
			dependencies = (
			);
			name = DataStructuresAndAlgorithms;
			productName = DataStructuresAndAlgorithms;
			productReference = 32FB37B524C02DC0009BB23E /* DataStructuresAndAlgorithms.app */;
			productType = "com.apple.product-type.application";
		};
/* End PBXNativeTarget section */

/* Begin PBXProject section */
		32FB37AD24C02DC0009BB23E /* Project object */ = {
			isa = PBXProject;
			attributes = {
				CLASSPREFIX = SGH;
				LastUpgradeCheck = 1150;
				ORGANIZATIONNAME = blue;
				TargetAttributes = {
					32FB37B424C02DC0009BB23E = {
						CreatedOnToolsVersion = 11.5;
					};
				};
			};
			buildConfigurationList = 32FB37B024C02DC0009BB23E /* Build configuration list for PBXProject "DataStructuresAndAlgorithms" */;
			compatibilityVersion = "Xcode 9.3";
			developmentRegion = en;
			hasScannedForEncodings = 0;
			knownRegions = (
				en,
				Base,
			);
			mainGroup = 32FB37AC24C02DC0009BB23E;
			productRefGroup = 32FB37B624C02DC0009BB23E /* Products */;
			projectDirPath = "";
			projectRoot = "";
			targets = (
				32FB37B424C02DC0009BB23E /* DataStructuresAndAlgorithms */,
			);
		};
/* End PBXProject section */

/* Begin PBXResourcesBuildPhase section */
		32FB37B324C02DC0009BB23E /* Resources */ = {
			isa = PBXResourcesBuildPhase;
			buildActionMask = 2147483647;
			files = (
				32FB37C824C02DC3009BB23E /* LaunchScreen.storyboard in Resources */,
				32FB37C524C02DC3009BB23E /* Assets.xcassets in Resources */,
				32FB37C324C02DC1009BB23E /* Main.storyboard in Resources */,
			);
			runOnlyForDeploymentPostprocessing = 0;
		};
/* End PBXResourcesBuildPhase section */

/* Begin PBXShellScriptBuildPhase section */
		6D440B6AEBDFC515D4361E6F /* [CP] Embed Pods Frameworks */ = {
			isa = PBXShellScriptBuildPhase;
			buildActionMask = 2147483647;
			files = (
			);
			inputFileListPaths = (
				"${PODS_ROOT}/Target Support Files/Pods-DataStructuresAndAlgorithms/Pods-DataStructuresAndAlgorithms-frameworks-${CONFIGURATION}-input-files.xcfilelist",
			);
			name = "[CP] Embed Pods Frameworks";
			outputFileListPaths = (
				"${PODS_ROOT}/Target Support Files/Pods-DataStructuresAndAlgorithms/Pods-DataStructuresAndAlgorithms-frameworks-${CONFIGURATION}-output-files.xcfilelist",
			);
			runOnlyForDeploymentPostprocessing = 0;
			shellPath = /bin/sh;
			shellScript = "\"${PODS_ROOT}/Target Support Files/Pods-DataStructuresAndAlgorithms/Pods-DataStructuresAndAlgorithms-frameworks.sh\"\n";
			showEnvVarsInLog = 0;
		};
		962655E68BB49E5203F035FF /* [CP] Check Pods Manifest.lock */ = {
			isa = PBXShellScriptBuildPhase;
			buildActionMask = 2147483647;
			files = (
			);
			inputFileListPaths = (
			);
			inputPaths = (
				"${PODS_PODFILE_DIR_PATH}/Podfile.lock",
				"${PODS_ROOT}/Manifest.lock",
			);
			name = "[CP] Check Pods Manifest.lock";
			outputFileListPaths = (
			);
			outputPaths = (
				"$(DERIVED_FILE_DIR)/Pods-DataStructuresAndAlgorithms-checkManifestLockResult.txt",
			);
			runOnlyForDeploymentPostprocessing = 0;
			shellPath = /bin/sh;
			shellScript = "diff \"${PODS_PODFILE_DIR_PATH}/Podfile.lock\" \"${PODS_ROOT}/Manifest.lock\" > /dev/null\nif [ $? != 0 ] ; then\n    # print error to STDERR\n    echo \"error: The sandbox is not in sync with the Podfile.lock. Run 'pod install' or update your CocoaPods installation.\" >&2\n    exit 1\nfi\n# This output is used by Xcode 'outputs' to avoid re-running this script phase.\necho \"SUCCESS\" > \"${SCRIPT_OUTPUT_FILE_0}\"\n";
			showEnvVarsInLog = 0;
		};
/* End PBXShellScriptBuildPhase section */

/* Begin PBXSourcesBuildPhase section */
		32FB37B124C02DC0009BB23E /* Sources */ = {
			isa = PBXSourcesBuildPhase;
			buildActionMask = 2147483647;
			files = (
				32FB38DE24C13D38009BB23E /* SGHObjectiveCAdaptor.m in Sources */,
				324E5E3124C6EB850033F1BB /* LeetCode402.cpp in Sources */,
				32B770BC24C578000016795B /* SGHPrepareStack.cpp in Sources */,
				32FB37DA24C02EEE009BB23E /* SGHBookmarksViewController.m in Sources */,
				32FB37EB24C03243009BB23E /* SGHChapter2ViewController.mm in Sources */,
				32B770A724C541F60016795B /* LeetCode92.cpp in Sources */,
				32B770D124C6C4910016795B /* LeetCode295.cpp in Sources */,
				32FB37E724C02FB8009BB23E /* SGHContactsViewController.m in Sources */,
				32B770E024C6D7C60016795B /* LeetCode455.cpp in Sources */,
				32B7709824C1981E0016795B /* LeetCode160.cpp in Sources */,
				32B770D924C6D26C0016795B /* SGH2ListNodeViewController.mm in Sources */,
				32B770A124C53A300016795B /* LeetCode138.cpp in Sources */,
				32FB38D724C1392C009BB23E /* SGHCppStudent.cpp in Sources */,
				3217756024CAE80300EA3E30 /* LeetCode45.cpp in Sources */,
				32FB37BA24C02DC1009BB23E /* AppDelegate.m in Sources */,
				32B770B024C572B50016795B /* SGHLinkList.cpp in Sources */,
				3217755D24CADF8E00EA3E30 /* LeetCode55.cpp in Sources */,
				32B770CE24C6966D0016795B /* LeetCode215.cpp in Sources */,
				32FB37E424C02F81009BB23E /* SGHCellModel.m in Sources */,
				32B770BF24C57BC00016795B /* LeetCode225.cpp in Sources */,
				32B7709E24C1B4FC0016795B /* LeetCode86.cpp in Sources */,
				3217756324CAED7A00EA3E30 /* LeetCode452.cpp in Sources */,
				32B770C224C5806B0016795B /* LeetCode232.cpp in Sources */,
				32FB38DB24C13C54009BB23E /* SGHCPlusPlusClass.cpp in Sources */,
				32B770C524C584FB0016795B /* LeetCode155.cpp in Sources */,
				32B770CB24C679990016795B /* LeetCode224.cpp in Sources */,
				32FB37E124C02F4A009BB23E /* SHBaseTableViewController.m in Sources */,
				32B770AD24C55E210016795B /* LeetCode23.cpp in Sources */,
				8FB1AEAF24CC8E2300281126 /* Poj2431Expedition.cpp in Sources */,
				32FB37D424C02E3A009BB23E /* SGHTabBarViewController.m in Sources */,
				324E5E2E24C6E0A30033F1BB /* LeetCode376.cpp in Sources */,
				32B770D524C6D1BF0016795B /* SGHGreedyAlgorithmViewController.mm in Sources */,
				32B7709B24C1A8AE0016795B /* LeetCode141.cpp in Sources */,
				32FB37CB24C02DC3009BB23E /* main.m in Sources */,
				32B770B424C576C50016795B /* SGHStackQueueHeapViewController.mm in Sources */,
				32FB37EF24C036AA009BB23E /* SGHCallCppClassViewController.mm in Sources */,
				32FB37F324C036E6009BB23E /* SGHTextCppClass.cpp in Sources */,
				32B770C824C58BB10016795B /* POJ1363Rails.cpp in Sources */,
				32FB37E024C02F4A009BB23E /* UIViewController+ExecuteMethod.m in Sources */,
				32B770A424C53F3D0016795B /* LeetCode21.cpp in Sources */,
				32B770DD24C6D4620016795B /* SGHPrepareGreedy.cpp in Sources */,
				32B770AA24C542960016795B /* LeetCode206.cpp in Sources */,
			);
			runOnlyForDeploymentPostprocessing = 0;
		};
/* End PBXSourcesBuildPhase section */

/* Begin PBXVariantGroup section */
		32FB37C124C02DC1009BB23E /* Main.storyboard */ = {
			isa = PBXVariantGroup;
			children = (
				32FB37C224C02DC1009BB23E /* Base */,
			);
			name = Main.storyboard;
			sourceTree = "<group>";
		};
		32FB37C624C02DC3009BB23E /* LaunchScreen.storyboard */ = {
			isa = PBXVariantGroup;
			children = (
				32FB37C724C02DC3009BB23E /* Base */,
			);
			name = LaunchScreen.storyboard;
			sourceTree = "<group>";
		};
/* End PBXVariantGroup section */

/* Begin XCBuildConfiguration section */
		32FB37CC24C02DC3009BB23E /* Debug */ = {
			isa = XCBuildConfiguration;
			buildSettings = {
				ALWAYS_SEARCH_USER_PATHS = NO;
				CLANG_ANALYZER_NONNULL = YES;
				CLANG_ANALYZER_NUMBER_OBJECT_CONVERSION = YES_AGGRESSIVE;
				CLANG_CXX_LANGUAGE_STANDARD = "gnu++14";
				CLANG_CXX_LIBRARY = "libc++";
				CLANG_ENABLE_MODULES = YES;
				CLANG_ENABLE_OBJC_ARC = YES;
				CLANG_ENABLE_OBJC_WEAK = YES;
				CLANG_WARN_BLOCK_CAPTURE_AUTORELEASING = YES;
				CLANG_WARN_BOOL_CONVERSION = YES;
				CLANG_WARN_COMMA = YES;
				CLANG_WARN_CONSTANT_CONVERSION = YES;
				CLANG_WARN_DEPRECATED_OBJC_IMPLEMENTATIONS = YES;
				CLANG_WARN_DIRECT_OBJC_ISA_USAGE = YES_ERROR;
				CLANG_WARN_DOCUMENTATION_COMMENTS = YES;
				CLANG_WARN_EMPTY_BODY = YES;
				CLANG_WARN_ENUM_CONVERSION = YES;
				CLANG_WARN_INFINITE_RECURSION = YES;
				CLANG_WARN_INT_CONVERSION = YES;
				CLANG_WARN_NON_LITERAL_NULL_CONVERSION = YES;
				CLANG_WARN_OBJC_IMPLICIT_RETAIN_SELF = YES;
				CLANG_WARN_OBJC_LITERAL_CONVERSION = YES;
				CLANG_WARN_OBJC_ROOT_CLASS = YES_ERROR;
				CLANG_WARN_RANGE_LOOP_ANALYSIS = YES;
				CLANG_WARN_STRICT_PROTOTYPES = YES;
				CLANG_WARN_SUSPICIOUS_MOVE = YES;
				CLANG_WARN_UNGUARDED_AVAILABILITY = YES_AGGRESSIVE;
				CLANG_WARN_UNREACHABLE_CODE = YES;
				CLANG_WARN__DUPLICATE_METHOD_MATCH = YES;
				COPY_PHASE_STRIP = NO;
				DEBUG_INFORMATION_FORMAT = dwarf;
				ENABLE_STRICT_OBJC_MSGSEND = YES;
				ENABLE_TESTABILITY = YES;
				GCC_C_LANGUAGE_STANDARD = gnu11;
				GCC_DYNAMIC_NO_PIC = NO;
				GCC_NO_COMMON_BLOCKS = YES;
				GCC_OPTIMIZATION_LEVEL = 0;
				GCC_PREPROCESSOR_DEFINITIONS = (
					"DEBUG=1",
					"$(inherited)",
				);
				GCC_WARN_64_TO_32_BIT_CONVERSION = YES;
				GCC_WARN_ABOUT_RETURN_TYPE = YES_ERROR;
				GCC_WARN_UNDECLARED_SELECTOR = YES;
				GCC_WARN_UNINITIALIZED_AUTOS = YES_AGGRESSIVE;
				GCC_WARN_UNUSED_FUNCTION = YES;
				GCC_WARN_UNUSED_VARIABLE = YES;
				IPHONEOS_DEPLOYMENT_TARGET = 10.0;
				MTL_ENABLE_DEBUG_INFO = INCLUDE_SOURCE;
				MTL_FAST_MATH = YES;
				ONLY_ACTIVE_ARCH = YES;
				SDKROOT = iphoneos;
			};
			name = Debug;
		};
		32FB37CD24C02DC3009BB23E /* Release */ = {
			isa = XCBuildConfiguration;
			buildSettings = {
				ALWAYS_SEARCH_USER_PATHS = NO;
				CLANG_ANALYZER_NONNULL = YES;
				CLANG_ANALYZER_NUMBER_OBJECT_CONVERSION = YES_AGGRESSIVE;
				CLANG_CXX_LANGUAGE_STANDARD = "gnu++14";
				CLANG_CXX_LIBRARY = "libc++";
				CLANG_ENABLE_MODULES = YES;
				CLANG_ENABLE_OBJC_ARC = YES;
				CLANG_ENABLE_OBJC_WEAK = YES;
				CLANG_WARN_BLOCK_CAPTURE_AUTORELEASING = YES;
				CLANG_WARN_BOOL_CONVERSION = YES;
				CLANG_WARN_COMMA = YES;
				CLANG_WARN_CONSTANT_CONVERSION = YES;
				CLANG_WARN_DEPRECATED_OBJC_IMPLEMENTATIONS = YES;
				CLANG_WARN_DIRECT_OBJC_ISA_USAGE = YES_ERROR;
				CLANG_WARN_DOCUMENTATION_COMMENTS = YES;
				CLANG_WARN_EMPTY_BODY = YES;
				CLANG_WARN_ENUM_CONVERSION = YES;
				CLANG_WARN_INFINITE_RECURSION = YES;
				CLANG_WARN_INT_CONVERSION = YES;
				CLANG_WARN_NON_LITERAL_NULL_CONVERSION = YES;
				CLANG_WARN_OBJC_IMPLICIT_RETAIN_SELF = YES;
				CLANG_WARN_OBJC_LITERAL_CONVERSION = YES;
				CLANG_WARN_OBJC_ROOT_CLASS = YES_ERROR;
				CLANG_WARN_RANGE_LOOP_ANALYSIS = YES;
				CLANG_WARN_STRICT_PROTOTYPES = YES;
				CLANG_WARN_SUSPICIOUS_MOVE = YES;
				CLANG_WARN_UNGUARDED_AVAILABILITY = YES_AGGRESSIVE;
				CLANG_WARN_UNREACHABLE_CODE = YES;
				CLANG_WARN__DUPLICATE_METHOD_MATCH = YES;
				COPY_PHASE_STRIP = NO;
				DEBUG_INFORMATION_FORMAT = "dwarf-with-dsym";
				ENABLE_NS_ASSERTIONS = NO;
				ENABLE_STRICT_OBJC_MSGSEND = YES;
				GCC_C_LANGUAGE_STANDARD = gnu11;
				GCC_NO_COMMON_BLOCKS = YES;
				GCC_WARN_64_TO_32_BIT_CONVERSION = YES;
				GCC_WARN_ABOUT_RETURN_TYPE = YES_ERROR;
				GCC_WARN_UNDECLARED_SELECTOR = YES;
				GCC_WARN_UNINITIALIZED_AUTOS = YES_AGGRESSIVE;
				GCC_WARN_UNUSED_FUNCTION = YES;
				GCC_WARN_UNUSED_VARIABLE = YES;
				IPHONEOS_DEPLOYMENT_TARGET = 10.0;
				MTL_ENABLE_DEBUG_INFO = NO;
				MTL_FAST_MATH = YES;
				SDKROOT = iphoneos;
				VALIDATE_PRODUCT = YES;
			};
			name = Release;
		};
		32FB37CF24C02DC3009BB23E /* Debug */ = {
			isa = XCBuildConfiguration;
			baseConfigurationReference = E059481AD3B41273637ED9F4 /* Pods-DataStructuresAndAlgorithms.debug.xcconfig */;
			buildSettings = {
				ASSETCATALOG_COMPILER_APPICON_NAME = AppIcon;
				CODE_SIGN_STYLE = Automatic;
				DEVELOPMENT_TEAM = K4A67L5PAT;
				GCC_INPUT_FILETYPE = sourcecode.cpp.objcpp;
				INFOPLIST_FILE = DataStructuresAndAlgorithms/Info.plist;
				IPHONEOS_DEPLOYMENT_TARGET = 10.0;
				LD_RUNPATH_SEARCH_PATHS = (
					"$(inherited)",
					"@executable_path/Frameworks",
				);
				PRODUCT_BUNDLE_IDENTIFIER = com.bluestone.univer2012.DataStructuresAndAlgorithms;
				PRODUCT_NAME = "$(TARGET_NAME)";
				TARGETED_DEVICE_FAMILY = "1,2";
			};
			name = Debug;
		};
		32FB37D024C02DC3009BB23E /* Release */ = {
			isa = XCBuildConfiguration;
			baseConfigurationReference = 7913E0EEC34FDB1F861A341E /* Pods-DataStructuresAndAlgorithms.release.xcconfig */;
			buildSettings = {
				ASSETCATALOG_COMPILER_APPICON_NAME = AppIcon;
				CODE_SIGN_STYLE = Automatic;
				DEVELOPMENT_TEAM = K4A67L5PAT;
				GCC_INPUT_FILETYPE = sourcecode.cpp.objcpp;
				INFOPLIST_FILE = DataStructuresAndAlgorithms/Info.plist;
				IPHONEOS_DEPLOYMENT_TARGET = 10.0;
				LD_RUNPATH_SEARCH_PATHS = (
					"$(inherited)",
					"@executable_path/Frameworks",
				);
				PRODUCT_BUNDLE_IDENTIFIER = com.bluestone.univer2012.DataStructuresAndAlgorithms;
				PRODUCT_NAME = "$(TARGET_NAME)";
				TARGETED_DEVICE_FAMILY = "1,2";
			};
			name = Release;
		};
/* End XCBuildConfiguration section */

/* Begin XCConfigurationList section */
		32FB37B024C02DC0009BB23E /* Build configuration list for PBXProject "DataStructuresAndAlgorithms" */ = {
			isa = XCConfigurationList;
			buildConfigurations = (
				32FB37CC24C02DC3009BB23E /* Debug */,
				32FB37CD24C02DC3009BB23E /* Release */,
			);
			defaultConfigurationIsVisible = 0;
			defaultConfigurationName = Release;
		};
		32FB37CE24C02DC3009BB23E /* Build configuration list for PBXNativeTarget "DataStructuresAndAlgorithms" */ = {
			isa = XCConfigurationList;
			buildConfigurations = (
				32FB37CF24C02DC3009BB23E /* Debug */,
				32FB37D024C02DC3009BB23E /* Release */,
			);
			defaultConfigurationIsVisible = 0;
			defaultConfigurationName = Release;
		};
/* End XCConfigurationList section */
	};
	rootObject = 32FB37AD24C02DC0009BB23E /* Project object */;
}
