// !$*UTF8*$!
{
	archiveVersion = 1;
	classes = {
	};
	objectVersion = 46;
	objects = {

/* Begin PBXBuildFile section */
		673FF03A1BC27B92007DB97D /* main.cpp in Sources */ = {isa = PBXBuildFile; fileRef = 673FF0391BC27B92007DB97D /* main.cpp */; };
		673FF0421BC281D0007DB97D /* LinkQueue.cpp in Sources */ = {isa = PBXBuildFile; fileRef = 673FF0401BC281D0007DB97D /* LinkQueue.cpp */; };
/* End PBXBuildFile section */

/* Begin PBXCopyFilesBuildPhase section */
		673FF0341BC27B92007DB97D /* CopyFiles */ = {
			isa = PBXCopyFilesBuildPhase;
			buildActionMask = 2147483647;
			dstPath = /usr/share/man/man1/;
			dstSubfolderSpec = 0;
			files = (
			);
			runOnlyForDeploymentPostprocessing = 1;
		};
/* End PBXCopyFilesBuildPhase section */

/* Begin PBXFileReference section */
		673FF0361BC27B92007DB97D /* 链接存储的队列 _链队列 */ = {isa = PBXFileReference; explicitFileType = "compiled.mach-o.executable"; includeInIndex = 0; path = "链接存储的队列 _链队列"; sourceTree = BUILT_PRODUCTS_DIR; };
		673FF0391BC27B92007DB97D /* main.cpp */ = {isa = PBXFileReference; lastKnownFileType = sourcecode.cpp.cpp; path = main.cpp; sourceTree = "<group>"; };
		673FF0401BC281D0007DB97D /* LinkQueue.cpp */ = {isa = PBXFileReference; fileEncoding = 4; lastKnownFileType = sourcecode.cpp.cpp; path = LinkQueue.cpp; sourceTree = "<group>"; };
		673FF0411BC281D0007DB97D /* LinkQueue.h */ = {isa = PBXFileReference; fileEncoding = 4; lastKnownFileType = sourcecode.c.h; path = LinkQueue.h; sourceTree = "<group>"; };
/* End PBXFileReference section */

/* Begin PBXFrameworksBuildPhase section */
		673FF0331BC27B92007DB97D /* Frameworks */ = {
			isa = PBXFrameworksBuildPhase;
			buildActionMask = 2147483647;
			files = (
			);
			runOnlyForDeploymentPostprocessing = 0;
		};
/* End PBXFrameworksBuildPhase section */

/* Begin PBXGroup section */
		673FF02D1BC27B92007DB97D = {
			isa = PBXGroup;
			children = (
				673FF0381BC27B92007DB97D /* 链接存储的队列 _链队列 */,
				673FF0371BC27B92007DB97D /* Products */,
			);
			sourceTree = "<group>";
		};
		673FF0371BC27B92007DB97D /* Products */ = {
			isa = PBXGroup;
			children = (
				673FF0361BC27B92007DB97D /* 链接存储的队列 _链队列 */,
			);
			name = Products;
			sourceTree = "<group>";
		};
		673FF0381BC27B92007DB97D /* 链接存储的队列 _链队列 */ = {
			isa = PBXGroup;
			children = (
				673FF0391BC27B92007DB97D /* main.cpp */,
				673FF0401BC281D0007DB97D /* LinkQueue.cpp */,
				673FF0411BC281D0007DB97D /* LinkQueue.h */,
			);
			path = "链接存储的队列 _链队列";
			sourceTree = "<group>";
		};
/* End PBXGroup section */

/* Begin PBXNativeTarget section */
		673FF0351BC27B92007DB97D /* 链接存储的队列 _链队列 */ = {
			isa = PBXNativeTarget;
			buildConfigurationList = 673FF03D1BC27B92007DB97D /* Build configuration list for PBXNativeTarget "链接存储的队列 _链队列" */;
			buildPhases = (
				673FF0321BC27B92007DB97D /* Sources */,
				673FF0331BC27B92007DB97D /* Frameworks */,
				673FF0341BC27B92007DB97D /* CopyFiles */,
			);
			buildRules = (
			);
			dependencies = (
			);
			name = "链接存储的队列 _链队列";
			productName = "链接存储的队列 _链队列";
			productReference = 673FF0361BC27B92007DB97D /* 链接存储的队列 _链队列 */;
			productType = "com.apple.product-type.tool";
		};
/* End PBXNativeTarget section */

/* Begin PBXProject section */
		673FF02E1BC27B92007DB97D /* Project object */ = {
			isa = PBXProject;
			attributes = {
				LastUpgradeCheck = 0640;
				ORGANIZATIONNAME = huangaengoln;
				TargetAttributes = {
					673FF0351BC27B92007DB97D = {
						CreatedOnToolsVersion = 6.4;
					};
				};
			};
			buildConfigurationList = 673FF0311BC27B92007DB97D /* Build configuration list for PBXProject "链接存储的队列 _链队列" */;
			compatibilityVersion = "Xcode 3.2";
			developmentRegion = English;
			hasScannedForEncodings = 0;
			knownRegions = (
				en,
			);
			mainGroup = 673FF02D1BC27B92007DB97D;
			productRefGroup = 673FF0371BC27B92007DB97D /* Products */;
			projectDirPath = "";
			projectRoot = "";
			targets = (
				673FF0351BC27B92007DB97D /* 链接存储的队列 _链队列 */,
			);
		};
/* End PBXProject section */

/* Begin PBXSourcesBuildPhase section */
		673FF0321BC27B92007DB97D /* Sources */ = {
			isa = PBXSourcesBuildPhase;
			buildActionMask = 2147483647;
			files = (
				673FF03A1BC27B92007DB97D /* main.cpp in Sources */,
				673FF0421BC281D0007DB97D /* LinkQueue.cpp in Sources */,
			);
			runOnlyForDeploymentPostprocessing = 0;
		};
/* End PBXSourcesBuildPhase section */

/* Begin XCBuildConfiguration section */
		673FF03B1BC27B92007DB97D /* Debug */ = {
			isa = XCBuildConfiguration;
			buildSettings = {
				ALWAYS_SEARCH_USER_PATHS = NO;
				CLANG_CXX_LANGUAGE_STANDARD = "gnu++0x";
				CLANG_CXX_LIBRARY = "libc++";
				CLANG_ENABLE_MODULES = YES;
				CLANG_ENABLE_OBJC_ARC = YES;
				CLANG_WARN_BOOL_CONVERSION = YES;
				CLANG_WARN_CONSTANT_CONVERSION = YES;
				CLANG_WARN_DIRECT_OBJC_ISA_USAGE = YES_ERROR;
				CLANG_WARN_EMPTY_BODY = YES;
				CLANG_WARN_ENUM_CONVERSION = YES;
				CLANG_WARN_INT_CONVERSION = YES;
				CLANG_WARN_OBJC_ROOT_CLASS = YES_ERROR;
				CLANG_WARN_UNREACHABLE_CODE = YES;
				CLANG_WARN__DUPLICATE_METHOD_MATCH = YES;
				COPY_PHASE_STRIP = NO;
				DEBUG_INFORMATION_FORMAT = dwarf;
				ENABLE_STRICT_OBJC_MSGSEND = YES;
				GCC_C_LANGUAGE_STANDARD = gnu99;
				GCC_DYNAMIC_NO_PIC = NO;
				GCC_NO_COMMON_BLOCKS = YES;
				GCC_OPTIMIZATION_LEVEL = 0;
				GCC_PREPROCESSOR_DEFINITIONS = (
					"DEBUG=1",
					"$(inherited)",
				);
				GCC_SYMBOLS_PRIVATE_EXTERN = NO;
				GCC_WARN_64_TO_32_BIT_CONVERSION = YES;
				GCC_WARN_ABOUT_RETURN_TYPE = YES_ERROR;
				GCC_WARN_UNDECLARED_SELECTOR = YES;
				GCC_WARN_UNINITIALIZED_AUTOS = YES_AGGRESSIVE;
				GCC_WARN_UNUSED_FUNCTION = YES;
				GCC_WARN_UNUSED_VARIABLE = YES;
				MACOSX_DEPLOYMENT_TARGET = 10.10;
				MTL_ENABLE_DEBUG_INFO = YES;
				ONLY_ACTIVE_ARCH = YES;
				SDKROOT = macosx;
			};
			name = Debug;
		};
		673FF03C1BC27B92007DB97D /* Release */ = {
			isa = XCBuildConfiguration;
			buildSettings = {
				ALWAYS_SEARCH_USER_PATHS = NO;
				CLANG_CXX_LANGUAGE_STANDARD = "gnu++0x";
				CLANG_CXX_LIBRARY = "libc++";
				CLANG_ENABLE_MODULES = YES;
				CLANG_ENABLE_OBJC_ARC = YES;
				CLANG_WARN_BOOL_CONVERSION = YES;
				CLANG_WARN_CONSTANT_CONVERSION = YES;
				CLANG_WARN_DIRECT_OBJC_ISA_USAGE = YES_ERROR;
				CLANG_WARN_EMPTY_BODY = YES;
				CLANG_WARN_ENUM_CONVERSION = YES;
				CLANG_WARN_INT_CONVERSION = YES;
				CLANG_WARN_OBJC_ROOT_CLASS = YES_ERROR;
				CLANG_WARN_UNREACHABLE_CODE = YES;
				CLANG_WARN__DUPLICATE_METHOD_MATCH = YES;
				COPY_PHASE_STRIP = NO;
				DEBUG_INFORMATION_FORMAT = "dwarf-with-dsym";
				ENABLE_NS_ASSERTIONS = NO;
				ENABLE_STRICT_OBJC_MSGSEND = YES;
				GCC_C_LANGUAGE_STANDARD = gnu99;
				GCC_NO_COMMON_BLOCKS = YES;
				GCC_WARN_64_TO_32_BIT_CONVERSION = YES;
				GCC_WARN_ABOUT_RETURN_TYPE = YES_ERROR;
				GCC_WARN_UNDECLARED_SELECTOR = YES;
				GCC_WARN_UNINITIALIZED_AUTOS = YES_AGGRESSIVE;
				GCC_WARN_UNUSED_FUNCTION = YES;
				GCC_WARN_UNUSED_VARIABLE = YES;
				MACOSX_DEPLOYMENT_TARGET = 10.10;
				MTL_ENABLE_DEBUG_INFO = NO;
				SDKROOT = macosx;
			};
			name = Release;
		};
		673FF03E1BC27B92007DB97D /* Debug */ = {
			isa = XCBuildConfiguration;
			buildSettings = {
				PRODUCT_NAME = "$(TARGET_NAME)";
			};
			name = Debug;
		};
		673FF03F1BC27B92007DB97D /* Release */ = {
			isa = XCBuildConfiguration;
			buildSettings = {
				PRODUCT_NAME = "$(TARGET_NAME)";
			};
			name = Release;
		};
/* End XCBuildConfiguration section */

/* Begin XCConfigurationList section */
		673FF0311BC27B92007DB97D /* Build configuration list for PBXProject "链接存储的队列 _链队列" */ = {
			isa = XCConfigurationList;
			buildConfigurations = (
				673FF03B1BC27B92007DB97D /* Debug */,
				673FF03C1BC27B92007DB97D /* Release */,
			);
			defaultConfigurationIsVisible = 0;
			defaultConfigurationName = Release;
		};
		673FF03D1BC27B92007DB97D /* Build configuration list for PBXNativeTarget "链接存储的队列 _链队列" */ = {
			isa = XCConfigurationList;
			buildConfigurations = (
				673FF03E1BC27B92007DB97D /* Debug */,
				673FF03F1BC27B92007DB97D /* Release */,
			);
			defaultConfigurationIsVisible = 0;
		};
/* End XCConfigurationList section */
	};
	rootObject = 673FF02E1BC27B92007DB97D /* Project object */;
}
